
Microsoft Visual Studio Solution File, Format Version 12.00
# Visual Studio Version 16
VisualStudioVersion = 16.0.33214.272
MinimumVisualStudioVersion = 10.0.40219.1
Project("{F184B08F-C81C-45F6-A57F-5ABD9991F28F}") = "French Numbers", "French Numbers.vbproj", "{F374246F-42F3-4539-915D-D72C1FCE7365}"
EndProject
Global
	GlobalSection(SolutionConfigurationPlatforms) = preSolution
		Debug|Any CPU = Debug|Any CPU
		Release|Any CPU = Release|Any CPU
	EndGlobalSection
	GlobalSection(ProjectConfigurationPlatforms) = postSolution
		{F374246F-42F3-4539-915D-D72C1FCE7365}.Debug|Any CPU.ActiveCfg = Debug|Any CPU
		{F374246F-42F3-4539-915D-D72C1FCE7365}.Debug|Any CPU.Build.0 = Debug|Any CPU
		{F374246F-42F3-4539-915D-D72C1FCE7365}.Release|Any CPU.ActiveCfg = Release|Any CPU
		{F374246F-42F3-4539-915D-D72C1FCE7365}.Release|Any CPU.Build.0 = Release|Any CPU
	EndGlobalSection
	GlobalSection(SolutionProperties) = preSolution
		HideSolutionNode = FALSE
	EndGlobalSection
	GlobalSection(ExtensibilityGlobals) = postSolution
		SolutionGuid = {922A76C1-75D3-43A7-A3D2-4860352311FF}
	EndGlobalSection
EndGlobal
